
Microsoft Visual Studio Solution File, Format Version 12.00
# Visual Studio Version 17
VisualStudioVersion = 17.12.35527.113 d17.12
MinimumVisualStudioVersion = 10.0.40219.1
Project("{FAE04EC0-301F-11D3-BF4B-00C04F79EFBC}") = "SchoolAdmin", "SchoolAdmin\SchoolAdmin.csproj", "{6518665D-2F4D-492E-8EC1-9B8BFE9971CF}"
EndProject
Global
	GlobalSection(SolutionConfigurationPlatforms) = preSolution
		Debug|Any CPU = Debug|Any CPU
		Release|Any CPU = Release|Any CPU
	EndGlobalSection
	GlobalSection(ProjectConfigurationPlatforms) = postSolution
		{6518665D-2F4D-492E-8EC1-9B8BFE9971CF}.Debug|Any CPU.ActiveCfg = Debug|Any CPU
		{6518665D-2F4D-492E-8EC1-9B8BFE9971CF}.Debug|Any CPU.Build.0 = Debug|Any CPU
		{6518665D-2F4D-492E-8EC1-9B8BFE9971CF}.Release|Any CPU.ActiveCfg = Release|Any CPU
		{6518665D-2F4D-492E-8EC1-9B8BFE9971CF}.Release|Any CPU.Build.0 = Release|Any CPU
	EndGlobalSection
	GlobalSection(SolutionProperties) = preSolution
		HideSolutionNode = FALSE
	EndGlobalSection
EndGlobal
